{
  "requires": true,
  "lockfileVersion": 1,
  "dependencies": {
    "autocomplete.js": {
      "version": "0.38.0",
      "resolved": "https://registry.npmjs.org/autocomplete.js/-/autocomplete.js-0.38.0.tgz",
      "integrity": "sha512-xZlqbg0LN9D1cZd4TkPJmir/Bq0+xXnp35X6i87yU2dD2wYv9E7pVU1+QKu0PbBVV2dShppwlKGMsfCYQD9OtA==",
      "requires": {
        "immediate": "^3.2.3"
      }
    },
    "immediate": {
      "version": "3.3.0",
      "resolved": "https://registry.npmjs.org/immediate/-/immediate-3.3.0.tgz",
      "integrity": "sha512-HR7EVodfFUdQCTIeySw+WDRFJlPcLOJbXfwwZ7Oom6tjsvZ3bOkCDJHehQC3nxJrv7+f9XecwazynjU8e4Vw3Q=="
    }
  }
}
